<?xml version="1.0" encoding="utf-8"?>
<Project ToolsVersion="4.0" xmlns="http://schemas.microsoft.com/developer/msbuild/2003">
  <ItemGroup>
    <Filter Include="EntryPoint">
      <UniqueIdentifier>{e28e9e1c-d0ad-4f51-bdf0-225b4199af1c}</UniqueIdentifier>
    </Filter>
    <Filter Include="standard_library">
      <UniqueIdentifier>{5d05458e-2e2a-47a6-8e9a-2960651dd6f4}</UniqueIdentifier>
    </Filter>
    <Filter Include="Utilities">
      <UniqueIdentifier>{aa6a7e4d-0379-4961-8ee0-d8974c40ad1f}</UniqueIdentifier>
    </Filter>
    <Filter Include="Utilities\ConsoleColorOutput">
      <UniqueIdentifier>{d86a8e94-b862-4d15-9443-8bb2ac58a083}</UniqueIdentifier>
    </Filter>
    <Filter Include="Mango">
      <UniqueIdentifier>{69e4b8b1-a0ea-4c55-97bb-33810e563ae5}</UniqueIdentifier>
    </Filter>
    <Filter Include="Mango\DataType">
      <UniqueIdentifier>{b989cbe1-0083-402d-9fc9-4b569fd48bfe}</UniqueIdentifier>
    </Filter>
    <Filter Include="Mango\Column">
      <UniqueIdentifier>{66e5ccb6-be78-485a-a88d-098e69ad77ab}</UniqueIdentifier>
    </Filter>
    <Filter Include="Mango\Testing">
      <UniqueIdentifier>{c01dbf82-7849-42b0-90c8-e0e6c5e7ff4b}</UniqueIdentifier>
    </Filter>
    <Filter Include="Mango\Table">
      <UniqueIdentifier>{e0868883-c784-4a4f-bb39-094d4a026df2}</UniqueIdentifier>
    </Filter>
    <Filter Include="Mango\MangoDB">
      <UniqueIdentifier>{f715e22b-859c-49c7-b030-7fffe98042a5}</UniqueIdentifier>
    </Filter>
    <Filter Include="Mango\Exceptions">
      <UniqueIdentifier>{00a74908-d5c5-4e46-82c1-1b6976d9e377}</UniqueIdentifier>
    </Filter>
    <Filter Include="Mango\Exceptions\FeatureNotImplemented">
      <UniqueIdentifier>{13993815-f49b-4579-9016-b04cfdaa24ca}</UniqueIdentifier>
    </Filter>
    <Filter Include="Mango\Exceptions\MangoException">
      <UniqueIdentifier>{e0180aae-1234-4ac1-bece-d6de6d6f64ff}</UniqueIdentifier>
    </Filter>
    <Filter Include="Mango\Exceptions\MangoExceptionType">
      <UniqueIdentifier>{cabbb4db-91b3-4d18-8132-67f799e31d56}</UniqueIdentifier>
    </Filter>
    <Filter Include="Mango\Exceptions\InvalidArgument">
      <UniqueIdentifier>{5a14fc1e-50a6-4775-b68b-3e4d4d4e2f1d}</UniqueIdentifier>
    </Filter>
    <Filter Include="Mango\Exceptions\InvalidSyntax">
      <UniqueIdentifier>{fd750a2d-4d6d-420a-9551-9e2c65b87644}</UniqueIdentifier>
    </Filter>
    <Filter Include="Mango\Exceptions\NanException">
      <UniqueIdentifier>{2cf3a69b-4622-4b88-914f-af5e36aeed98}</UniqueIdentifier>
    </Filter>
    <Filter Include="Mango\Exceptions\TableAlreadyExists">
      <UniqueIdentifier>{7d1fcd98-1585-48eb-98f1-34b255c2aaed}</UniqueIdentifier>
    </Filter>
    <Filter Include="Mango\Exceptions\TableNotFound">
      <UniqueIdentifier>{ace3a5ef-61fc-49b4-8850-5b61bedbdf77}</UniqueIdentifier>
    </Filter>
    <Filter Include="Mango\Row">
      <UniqueIdentifier>{5d215d61-3678-482d-9cbe-2bb4559cc341}</UniqueIdentifier>
    </Filter>
    <Filter Include="Mango\Queries">
      <UniqueIdentifier>{b812cf47-a9b3-40d9-a26b-33babdfa427b}</UniqueIdentifier>
    </Filter>
    <Filter Include="Mango\Queries\AbstractQuery">
      <UniqueIdentifier>{fc1b2c03-c97c-4437-99d2-320a9e86b5a1}</UniqueIdentifier>
    </Filter>
    <Filter Include="Mango\QueryExecutor">
      <UniqueIdentifier>{6b9bb887-d874-477d-b036-6aa3f7c1d2a2}</UniqueIdentifier>
    </Filter>
    <Filter Include="Utilities\ConsoleTestLoop">
      <UniqueIdentifier>{f2f6df7f-68ea-4906-b79b-761fd6c5e686}</UniqueIdentifier>
    </Filter>
    <Filter Include="Mango\Queries\CreateTableQuery">
      <UniqueIdentifier>{558dbff9-c2a3-4451-aa24-08a5793ca519}</UniqueIdentifier>
    </Filter>
    <Filter Include="Mango\Queries\Statement">
      <UniqueIdentifier>{6ba27739-3f0a-4380-adfc-53d5895b114a}</UniqueIdentifier>
    </Filter>
    <Filter Include="Mango\Queries\DropTableQuery">
      <UniqueIdentifier>{a872970c-7497-40ef-a061-33c9713abcd4}</UniqueIdentifier>
    </Filter>
    <Filter Include="Mango\Queries\TruncateTableQuery">
      <UniqueIdentifier>{54488e42-794d-4fd7-a094-c5efb9dec983}</UniqueIdentifier>
    </Filter>
    <Filter Include="Mango\Queries\DisplayQuery">
      <UniqueIdentifier>{cd3188b2-0be0-4193-8255-f1bcc89e4751}</UniqueIdentifier>
    </Filter>
    <Filter Include="Mango\Queries\InsertIntoQuery">
      <UniqueIdentifier>{235d1242-718b-44de-9eb8-2396b2e34b52}</UniqueIdentifier>
    </Filter>
    <Filter Include="Mango\Queries\SelectQuery">
      <UniqueIdentifier>{72b8211e-649c-4cdc-9948-f2ce40526b7e}</UniqueIdentifier>
    </Filter>
    <Filter Include="Mango\Queries\DeleteQuery">
      <UniqueIdentifier>{7a9601ef-5715-40f5-ae2b-1a99da845803}</UniqueIdentifier>
    </Filter>
    <Filter Include="Mango\Queries\UpdateQuery">
      <UniqueIdentifier>{f7f81f75-e910-48ef-a719-4ff7ecf9c705}</UniqueIdentifier>
    </Filter>
  </ItemGroup>
  <ItemGroup>
    <ClCompile Include="Source.cpp">
      <Filter>EntryPoint</Filter>
    </ClCompile>
    <ClCompile Include="standard_library.cpp">
      <Filter>standard_library</Filter>
    </ClCompile>
    <ClCompile Include="Utilities\ConsoleColorOutput\ConsoleColorOutput.cpp">
      <Filter>Utilities\ConsoleColorOutput</Filter>
    </ClCompile>
    <ClCompile Include="Mango\DataType\DataType.cpp">
      <Filter>Mango\DataType</Filter>
    </ClCompile>
    <ClCompile Include="Mango\Column\Column.cpp">
      <Filter>Mango\Column</Filter>
    </ClCompile>
    <ClCompile Include="Mango\Testing\Testing.cpp">
      <Filter>Mango\Testing</Filter>
    </ClCompile>
    <ClCompile Include="Mango\Table\Table.cpp">
      <Filter>Mango\Table</Filter>
    </ClCompile>
    <ClCompile Include="Mango\MangoDB\MangoDB.cpp">
      <Filter>Mango\MangoDB</Filter>
    </ClCompile>
    <ClCompile Include="Mango\Exceptions\FeatureNotImplementedException\FeatureNotImplementedException.cpp">
      <Filter>Mango\Exceptions\FeatureNotImplemented</Filter>
    </ClCompile>
    <ClCompile Include="Mango\Exceptions\MangoException\MangoException.cpp">
      <Filter>Mango\Exceptions\MangoException</Filter>
    </ClCompile>
    <ClCompile Include="Mango\Exceptions\MangoExceptionType\MangoExceptionType.cpp">
      <Filter>Mango\Exceptions\MangoExceptionType</Filter>
    </ClCompile>
    <ClCompile Include="Mango\Exceptions\InvalidArgumentException\InvalidArgumentException.cpp">
      <Filter>Mango\Exceptions\InvalidArgument</Filter>
    </ClCompile>
    <ClCompile Include="Mango\Exceptions\InvalidSyntaxException\InvalidSyntaxException.cpp">
      <Filter>Mango\Exceptions\InvalidSyntax</Filter>
    </ClCompile>
    <ClCompile Include="Mango\Exceptions\NanException\NanException.cpp">
      <Filter>Mango\Exceptions\NanException</Filter>
    </ClCompile>
    <ClCompile Include="Mango\Exceptions\TableAlreadyExistsException\TableAlreadyExistsException.cpp">
      <Filter>Mango\Exceptions\TableAlreadyExists</Filter>
    </ClCompile>
    <ClCompile Include="Mango\Exceptions\TableNotFoundException\TableNotFoundException.cpp">
      <Filter>Mango\Exceptions\TableNotFound</Filter>
    </ClCompile>
    <ClCompile Include="Mango\Row\Row.cpp">
      <Filter>Mango\Row</Filter>
    </ClCompile>
    <ClCompile Include="Mango\Row\RowConfiguration.cpp">
      <Filter>Mango\Row</Filter>
    </ClCompile>
    <ClCompile Include="Mango\Queries\AbstractQuery\AbstractQuery.cpp">
      <Filter>Mango\Queries\AbstractQuery</Filter>
    </ClCompile>
    <ClCompile Include="Mango\QueryExecutor\QueryExecutor.cpp">
      <Filter>Mango\QueryExecutor</Filter>
    </ClCompile>
    <ClCompile Include="Utilities\ConsoleTestLoop\ConsoleTestLoop.cpp">
      <Filter>Utilities\ConsoleTestLoop</Filter>
    </ClCompile>
    <ClCompile Include="Mango\Queries\CreateTableQuery\CreateTableQuery.cpp">
      <Filter>Mango\Queries\CreateTableQuery</Filter>
    </ClCompile>
    <ClCompile Include="Mango\Queries\Statement\Statement.cpp">
      <Filter>Mango\Queries\Statement</Filter>
    </ClCompile>
    <ClCompile Include="Mango\Queries\DropTableQuery\DropTableQuery.cpp">
      <Filter>Mango\Queries\DropTableQuery</Filter>
    </ClCompile>
    <ClCompile Include="Mango\Queries\TruncateTableQuery\TruncateTableQuery.cpp">
      <Filter>Mango\Queries\TruncateTableQuery</Filter>
    </ClCompile>
    <ClCompile Include="Mango\Queries\DisplayQuery\DisplayQuery.cpp">
      <Filter>Mango\Queries\DisplayQuery</Filter>
    </ClCompile>
    <ClCompile Include="Mango\Queries\InsertIntoQuery\InsertIntoQuery.cpp">
      <Filter>Mango\Queries\InsertIntoQuery</Filter>
    </ClCompile>
    <ClCompile Include="Mango\Queries\SelectQuery\SelectQuery.cpp">
      <Filter>Mango\Queries\SelectQuery</Filter>
    </ClCompile>
    <ClCompile Include="Mango\Row\RowFilters.cpp">
      <Filter>Mango\Row</Filter>
    </ClCompile>
    <ClCompile Include="Mango\Queries\DeleteQuery\DeleteQuery.cpp">
      <Filter>Mango\Queries\DeleteQuery</Filter>
    </ClCompile>
    <ClCompile Include="Mango\Table\ConstTableIterator.cpp">
      <Filter>Mango\Table</Filter>
    </ClCompile>
    <ClCompile Include="Mango\Table\TableIterator.cpp">
      <Filter>Mango\Table</Filter>
    </ClCompile>
    <ClCompile Include="Mango\Queries\UpdateQuery\UpdateQuery.cpp">
      <Filter>Mango\Queries\UpdateQuery</Filter>
    </ClCompile>
  </ItemGroup>
  <ItemGroup>
    <ClInclude Include="standard_library.hpp">
      <Filter>standard_library</Filter>
    </ClInclude>
    <ClInclude Include="Utilities\ConsoleColorOutput\ConsoleColorOutput.hpp">
      <Filter>Utilities\ConsoleColorOutput</Filter>
    </ClInclude>
    <ClInclude Include="Mango\DataType\DataType.hpp">
      <Filter>Mango\DataType</Filter>
    </ClInclude>
    <ClInclude Include="Mango\Column\Column.hpp">
      <Filter>Mango\Column</Filter>
    </ClInclude>
    <ClInclude Include="Mango\MangoAPI.hpp">
      <Filter>Mango</Filter>
    </ClInclude>
    <ClInclude Include="Mango\Testing\Testing.hpp">
      <Filter>Mango\Testing</Filter>
    </ClInclude>
    <ClInclude Include="Mango\Table\Table.hpp">
      <Filter>Mango\Table</Filter>
    </ClInclude>
    <ClInclude Include="Mango\MangoDB\MangoDB.hpp">
      <Filter>Mango\MangoDB</Filter>
    </ClInclude>
    <ClInclude Include="Mango\Exceptions\FeatureNotImplementedException\FeatureNotImplementedException.hpp">
      <Filter>Mango\Exceptions\FeatureNotImplemented</Filter>
    </ClInclude>
    <ClInclude Include="Mango\Exceptions\MangoException\MangoException.hpp">
      <Filter>Mango\Exceptions\MangoException</Filter>
    </ClInclude>
    <ClInclude Include="Mango\Exceptions\MangoExceptionType\MangoExceptionType.hpp">
      <Filter>Mango\Exceptions\MangoExceptionType</Filter>
    </ClInclude>
    <ClInclude Include="Mango\Exceptions\InvalidArgumentException\InvalidArgumentException.hpp">
      <Filter>Mango\Exceptions\InvalidArgument</Filter>
    </ClInclude>
    <ClInclude Include="Mango\Exceptions\InvalidSyntaxException\InvalidSyntaxException.hpp">
      <Filter>Mango\Exceptions\InvalidSyntax</Filter>
    </ClInclude>
    <ClInclude Include="Mango\Exceptions\NanException\NanException.hpp">
      <Filter>Mango\Exceptions\NanException</Filter>
    </ClInclude>
    <ClInclude Include="Mango\Exceptions\TableAlreadyExistsException\TableAlreadyExistsException.hpp">
      <Filter>Mango\Exceptions\TableAlreadyExists</Filter>
    </ClInclude>
    <ClInclude Include="Mango\Exceptions\TableNotFoundException\TableNotFoundException.hpp">
      <Filter>Mango\Exceptions\TableNotFound</Filter>
    </ClInclude>
    <ClInclude Include="Mango\Row\Row.hpp">
      <Filter>Mango\Row</Filter>
    </ClInclude>
    <ClInclude Include="Mango\Row\RowConfiguration.hpp">
      <Filter>Mango\Row</Filter>
    </ClInclude>
    <ClInclude Include="Mango\Queries\AbstractQuery\AbstractQuery.hpp">
      <Filter>Mango\Queries\AbstractQuery</Filter>
    </ClInclude>
    <ClInclude Include="Mango\Exceptions\MangoExceptions.hpp">
      <Filter>Mango\Exceptions</Filter>
    </ClInclude>
    <ClInclude Include="Mango\Queries\Queries.hpp">
      <Filter>Mango\Queries</Filter>
    </ClInclude>
    <ClInclude Include="Mango\QueryExecutor\QueryExecutor.hpp">
      <Filter>Mango\QueryExecutor</Filter>
    </ClInclude>
    <ClInclude Include="Utilities\ConsoleTestLoop\ConsoleTestLoop.hpp">
      <Filter>Utilities\ConsoleTestLoop</Filter>
    </ClInclude>
    <ClInclude Include="Mango\Queries\CreateTableQuery\CreateTableQuery.hpp">
      <Filter>Mango\Queries\CreateTableQuery</Filter>
    </ClInclude>
    <ClInclude Include="Mango\Queries\Statement\Statement.hpp">
      <Filter>Mango\Queries\Statement</Filter>
    </ClInclude>
    <ClInclude Include="Mango\Queries\DropTableQuery\DropTableQuery.hpp">
      <Filter>Mango\Queries\DropTableQuery</Filter>
    </ClInclude>
    <ClInclude Include="Mango\Queries\TruncateTableQuery\TruncateTableQuery.hpp">
      <Filter>Mango\Queries\TruncateTableQuery</Filter>
    </ClInclude>
    <ClInclude Include="Mango\Queries\DisplayQuery\DisplayQuery.hpp">
      <Filter>Mango\Queries\DisplayQuery</Filter>
    </ClInclude>
    <ClInclude Include="Mango\Queries\InsertIntoQuery\InsertIntoQuery.hpp">
      <Filter>Mango\Queries\InsertIntoQuery</Filter>
    </ClInclude>
    <ClInclude Include="Mango\Queries\SelectQuery\SelectQuery.hpp">
      <Filter>Mango\Queries\SelectQuery</Filter>
    </ClInclude>
    <ClInclude Include="Mango\Row\RowFilters.hpp">
      <Filter>Mango\Row</Filter>
    </ClInclude>
    <ClInclude Include="Mango\Queries\DeleteQuery\DeleteQuery.hpp">
      <Filter>Mango\Queries\DeleteQuery</Filter>
    </ClInclude>
    <ClInclude Include="Mango\Table\ConstTableIterator.hpp">
      <Filter>Mango\Table</Filter>
    </ClInclude>
    <ClInclude Include="Mango\Table\TableIterator.hpp">
      <Filter>Mango\Table</Filter>
    </ClInclude>
    <ClInclude Include="Mango\Queries\UpdateQuery\UpdateQuery.hpp">
      <Filter>Mango\Queries\UpdateQuery</Filter>
    </ClInclude>
  </ItemGroup>
  <ItemGroup>
    <None Include="cpp.hint" />
  </ItemGroup>
</Project>