<?xml version="1.0" encoding="utf-8"?>
<Project ToolsVersion="4.0" xmlns="http://schemas.microsoft.com/developer/msbuild/2003">
  <ItemGroup>
    <Filter Include="EntryPoint">
      <UniqueIdentifier>{e28e9e1c-d0ad-4f51-bdf0-225b4199af1c}</UniqueIdentifier>
    </Filter>
    <Filter Include="standard_library">
      <UniqueIdentifier>{5d05458e-2e2a-47a6-8e9a-2960651dd6f4}</UniqueIdentifier>
    </Filter>
    <Filter Include="Mango">
      <UniqueIdentifier>{69e4b8b1-a0ea-4c55-97bb-33810e563ae5}</UniqueIdentifier>
    </Filter>
    <Filter Include="Mango\MangoDB">
      <UniqueIdentifier>{f715e22b-859c-49c7-b030-7fffe98042a5}</UniqueIdentifier>
    </Filter>
    <Filter Include="Mango\Exceptions">
      <UniqueIdentifier>{00a74908-d5c5-4e46-82c1-1b6976d9e377}</UniqueIdentifier>
    </Filter>
    <Filter Include="Mango\Exceptions\FeatureNotImplemented">
      <UniqueIdentifier>{13993815-f49b-4579-9016-b04cfdaa24ca}</UniqueIdentifier>
    </Filter>
    <Filter Include="Mango\Exceptions\MangoException">
      <UniqueIdentifier>{e0180aae-1234-4ac1-bece-d6de6d6f64ff}</UniqueIdentifier>
    </Filter>
    <Filter Include="Mango\Exceptions\MangoExceptionType">
      <UniqueIdentifier>{cabbb4db-91b3-4d18-8132-67f799e31d56}</UniqueIdentifier>
    </Filter>
    <Filter Include="Mango\Exceptions\InvalidArgument">
      <UniqueIdentifier>{5a14fc1e-50a6-4775-b68b-3e4d4d4e2f1d}</UniqueIdentifier>
    </Filter>
    <Filter Include="Mango\Exceptions\InvalidSyntax">
      <UniqueIdentifier>{fd750a2d-4d6d-420a-9551-9e2c65b87644}</UniqueIdentifier>
    </Filter>
    <Filter Include="Mango\Exceptions\NanException">
      <UniqueIdentifier>{2cf3a69b-4622-4b88-914f-af5e36aeed98}</UniqueIdentifier>
    </Filter>
    <Filter Include="Mango\Exceptions\TableAlreadyExists">
      <UniqueIdentifier>{7d1fcd98-1585-48eb-98f1-34b255c2aaed}</UniqueIdentifier>
    </Filter>
    <Filter Include="Mango\Exceptions\TableNotFound">
      <UniqueIdentifier>{ace3a5ef-61fc-49b4-8850-5b61bedbdf77}</UniqueIdentifier>
    </Filter>
    <Filter Include="Mango\QueryExecutor">
      <UniqueIdentifier>{6b9bb887-d874-477d-b036-6aa3f7c1d2a2}</UniqueIdentifier>
    </Filter>
    <Filter Include="Mango\CommandLineInterface">
      <UniqueIdentifier>{6d4ef99b-f36e-4232-bb13-41dbe408798d}</UniqueIdentifier>
    </Filter>
    <Filter Include="Mango\Implementation">
      <UniqueIdentifier>{21354f82-5346-475f-988c-bd4afa2f7544}</UniqueIdentifier>
    </Filter>
    <Filter Include="Mango\Implementation\Queries">
      <UniqueIdentifier>{b812cf47-a9b3-40d9-a26b-33babdfa427b}</UniqueIdentifier>
    </Filter>
    <Filter Include="Mango\Implementation\Queries\AbstractQuery">
      <UniqueIdentifier>{fc1b2c03-c97c-4437-99d2-320a9e86b5a1}</UniqueIdentifier>
    </Filter>
    <Filter Include="Mango\Implementation\Queries\CreateTableQuery">
      <UniqueIdentifier>{558dbff9-c2a3-4451-aa24-08a5793ca519}</UniqueIdentifier>
    </Filter>
    <Filter Include="Mango\Implementation\Queries\Statement">
      <UniqueIdentifier>{6ba27739-3f0a-4380-adfc-53d5895b114a}</UniqueIdentifier>
    </Filter>
    <Filter Include="Mango\Implementation\Queries\DropTableQuery">
      <UniqueIdentifier>{a872970c-7497-40ef-a061-33c9713abcd4}</UniqueIdentifier>
    </Filter>
    <Filter Include="Mango\Implementation\Queries\TruncateTableQuery">
      <UniqueIdentifier>{54488e42-794d-4fd7-a094-c5efb9dec983}</UniqueIdentifier>
    </Filter>
    <Filter Include="Mango\Implementation\Queries\DisplayQuery">
      <UniqueIdentifier>{cd3188b2-0be0-4193-8255-f1bcc89e4751}</UniqueIdentifier>
    </Filter>
    <Filter Include="Mango\Implementation\Queries\InsertIntoQuery">
      <UniqueIdentifier>{235d1242-718b-44de-9eb8-2396b2e34b52}</UniqueIdentifier>
    </Filter>
    <Filter Include="Mango\Implementation\Queries\SelectQuery">
      <UniqueIdentifier>{72b8211e-649c-4cdc-9948-f2ce40526b7e}</UniqueIdentifier>
    </Filter>
    <Filter Include="Mango\Implementation\Queries\DeleteQuery">
      <UniqueIdentifier>{7a9601ef-5715-40f5-ae2b-1a99da845803}</UniqueIdentifier>
    </Filter>
    <Filter Include="Mango\Implementation\Queries\UpdateQuery">
      <UniqueIdentifier>{f7f81f75-e910-48ef-a719-4ff7ecf9c705}</UniqueIdentifier>
    </Filter>
    <Filter Include="Mango\Implementation\Queries\CommandLineAdapter">
      <UniqueIdentifier>{7fcaa9a3-67ec-4e4c-9aec-d9afac08ad30}</UniqueIdentifier>
    </Filter>
    <Filter Include="Mango\Implementation\Queries\CommandLineAdapter\SelectQueryCLI">
      <UniqueIdentifier>{ebd68bae-acc9-4561-aaca-5136c2bc0a38}</UniqueIdentifier>
    </Filter>
    <Filter Include="Mango\Implementation\Queries\CommandLineAdapter\DeleteQueryCLI">
      <UniqueIdentifier>{aef563bf-b7c4-4042-883b-263b25150e58}</UniqueIdentifier>
    </Filter>
    <Filter Include="Mango\Implementation\Queries\CommandLineAdapter\WhereCondition">
      <UniqueIdentifier>{d265b8c3-d436-4948-8c07-ff1504ca8582}</UniqueIdentifier>
    </Filter>
    <Filter Include="Mango\Implementation\Column">
      <UniqueIdentifier>{66e5ccb6-be78-485a-a88d-098e69ad77ab}</UniqueIdentifier>
    </Filter>
    <Filter Include="Mango\Implementation\DataType">
      <UniqueIdentifier>{b989cbe1-0083-402d-9fc9-4b569fd48bfe}</UniqueIdentifier>
    </Filter>
    <Filter Include="Mango\Implementation\Row">
      <UniqueIdentifier>{5d215d61-3678-482d-9cbe-2bb4559cc341}</UniqueIdentifier>
    </Filter>
    <Filter Include="Mango\Implementation\Table">
      <UniqueIdentifier>{e0868883-c784-4a4f-bb39-094d4a026df2}</UniqueIdentifier>
    </Filter>
    <Filter Include="Mango\Implementation\Queries\CommandLineAdapter\UpdateQueryCLI">
      <UniqueIdentifier>{14146c23-9973-41b0-8ba7-30211b9fc1b6}</UniqueIdentifier>
    </Filter>
    <Filter Include="Mango\Implementation\Queries\CommandLineAdapter\UpdateQueryCLI\ClauseData">
      <UniqueIdentifier>{215f1661-246c-4c5d-92d9-b11a97ecfcba}</UniqueIdentifier>
    </Filter>
    <Filter Include="Mango\ConsoleColorOutput">
      <UniqueIdentifier>{e81403f4-76bc-46b3-9e5e-ba77c5e9b19f}</UniqueIdentifier>
    </Filter>
    <Filter Include="Mango\Implementation\StringUtils">
      <UniqueIdentifier>{f0dd5369-00d6-45aa-b7bd-40208eb8d454}</UniqueIdentifier>
    </Filter>
    <Filter Include="Mango\Implementation\Queries\SaveDataQuery">
      <UniqueIdentifier>{ffa3c22b-c2b8-4c19-aec6-2c9e4b402e87}</UniqueIdentifier>
    </Filter>
    <Filter Include="Mango\Implementation\FileIO">
      <UniqueIdentifier>{f90f1272-8f02-488b-bb15-b8e39eac638d}</UniqueIdentifier>
    </Filter>
    <Filter Include="Mango\Implementation\FileIO\Binary">
      <UniqueIdentifier>{a5807ed1-ba4e-4961-ac43-f40eec2a11d3}</UniqueIdentifier>
    </Filter>
    <Filter Include="Mango\Implementation\FileIO\CSV">
      <UniqueIdentifier>{4b792987-c1cd-4919-9a62-4545da83a87d}</UniqueIdentifier>
    </Filter>
    <Filter Include="Mango\Implementation\Queries\ImportDataQuery">
      <UniqueIdentifier>{0e538aec-6460-4a12-81ae-1855fb40efd6}</UniqueIdentifier>
    </Filter>
    <Filter Include="Mango\CommandLineInterface\CommandDescriptions">
      <UniqueIdentifier>{d320de63-a971-4977-ac1c-3f85e2805407}</UniqueIdentifier>
    </Filter>
    <Filter Include="Mango\Implementation\Queries\ExecuteScriptQuery">
      <UniqueIdentifier>{f493b284-b340-43ad-9c57-346a513515cb}</UniqueIdentifier>
    </Filter>
    <Filter Include="Mango\Implementation\Queries\ExecuteScriptQuery\ScriptExecutor">
      <UniqueIdentifier>{47c8316a-3528-43e9-b302-ea602be2624b}</UniqueIdentifier>
    </Filter>
    <Filter Include="Mango\Implementation\Timer">
      <UniqueIdentifier>{93ecf38d-057c-4242-9629-91029d724514}</UniqueIdentifier>
    </Filter>
  </ItemGroup>
  <ItemGroup>
    <ClCompile Include="Source.cpp">
      <Filter>EntryPoint</Filter>
    </ClCompile>
    <ClCompile Include="standard_library.cpp">
      <Filter>standard_library</Filter>
    </ClCompile>
    <ClCompile Include="Mango\MangoDB\MangoDB.cpp">
      <Filter>Mango\MangoDB</Filter>
    </ClCompile>
    <ClCompile Include="Mango\Exceptions\FeatureNotImplementedException\FeatureNotImplementedException.cpp">
      <Filter>Mango\Exceptions\FeatureNotImplemented</Filter>
    </ClCompile>
    <ClCompile Include="Mango\Exceptions\MangoException\MangoException.cpp">
      <Filter>Mango\Exceptions\MangoException</Filter>
    </ClCompile>
    <ClCompile Include="Mango\Exceptions\MangoExceptionType\MangoExceptionType.cpp">
      <Filter>Mango\Exceptions\MangoExceptionType</Filter>
    </ClCompile>
    <ClCompile Include="Mango\Exceptions\InvalidArgumentException\InvalidArgumentException.cpp">
      <Filter>Mango\Exceptions\InvalidArgument</Filter>
    </ClCompile>
    <ClCompile Include="Mango\Exceptions\InvalidSyntaxException\InvalidSyntaxException.cpp">
      <Filter>Mango\Exceptions\InvalidSyntax</Filter>
    </ClCompile>
    <ClCompile Include="Mango\Exceptions\NanException\NanException.cpp">
      <Filter>Mango\Exceptions\NanException</Filter>
    </ClCompile>
    <ClCompile Include="Mango\Exceptions\TableAlreadyExistsException\TableAlreadyExistsException.cpp">
      <Filter>Mango\Exceptions\TableAlreadyExists</Filter>
    </ClCompile>
    <ClCompile Include="Mango\Exceptions\TableNotFoundException\TableNotFoundException.cpp">
      <Filter>Mango\Exceptions\TableNotFound</Filter>
    </ClCompile>
    <ClCompile Include="Mango\QueryExecutor\QueryExecutor.cpp">
      <Filter>Mango\QueryExecutor</Filter>
    </ClCompile>
    <ClCompile Include="Mango\CommandLineInterface\CommandLineInterface.cpp">
      <Filter>Mango\CommandLineInterface</Filter>
    </ClCompile>
    <ClCompile Include="Mango\Implementation\Queries\AbstractQuery\AbstractQuery.cpp">
      <Filter>Mango\Implementation\Queries\AbstractQuery</Filter>
    </ClCompile>
    <ClCompile Include="Mango\Implementation\Queries\CommandLineAdapter\DeleteQueryCLI\DeleteQueryCLI.cpp">
      <Filter>Mango\Implementation\Queries\CommandLineAdapter\DeleteQueryCLI</Filter>
    </ClCompile>
    <ClCompile Include="Mango\Implementation\Queries\CommandLineAdapter\SelectQueryCLI\SelectQueryCLI.cpp">
      <Filter>Mango\Implementation\Queries\CommandLineAdapter\SelectQueryCLI</Filter>
    </ClCompile>
    <ClCompile Include="Mango\Implementation\Queries\CommandLineAdapter\WhereCondition\WhereCondition.cpp">
      <Filter>Mango\Implementation\Queries\CommandLineAdapter\WhereCondition</Filter>
    </ClCompile>
    <ClCompile Include="Mango\Implementation\Queries\CreateTableQuery\CreateTableQuery.cpp">
      <Filter>Mango\Implementation\Queries\CreateTableQuery</Filter>
    </ClCompile>
    <ClCompile Include="Mango\Implementation\Queries\DeleteQuery\DeleteQuery.cpp">
      <Filter>Mango\Implementation\Queries\DeleteQuery</Filter>
    </ClCompile>
    <ClCompile Include="Mango\Implementation\Queries\DisplayQuery\DisplayQuery.cpp">
      <Filter>Mango\Implementation\Queries\DisplayQuery</Filter>
    </ClCompile>
    <ClCompile Include="Mango\Implementation\Queries\DropTableQuery\DropTableQuery.cpp">
      <Filter>Mango\Implementation\Queries\DropTableQuery</Filter>
    </ClCompile>
    <ClCompile Include="Mango\Implementation\Queries\InsertIntoQuery\InsertIntoQuery.cpp">
      <Filter>Mango\Implementation\Queries\InsertIntoQuery</Filter>
    </ClCompile>
    <ClCompile Include="Mango\Implementation\Queries\SelectQuery\SelectQuery.cpp">
      <Filter>Mango\Implementation\Queries\SelectQuery</Filter>
    </ClCompile>
    <ClCompile Include="Mango\Implementation\Queries\Statement\Statement.cpp">
      <Filter>Mango\Implementation\Queries\Statement</Filter>
    </ClCompile>
    <ClCompile Include="Mango\Implementation\Queries\TruncateTableQuery\TruncateTableQuery.cpp">
      <Filter>Mango\Implementation\Queries\TruncateTableQuery</Filter>
    </ClCompile>
    <ClCompile Include="Mango\Implementation\Queries\UpdateQuery\UpdateQuery.cpp">
      <Filter>Mango\Implementation\Queries\UpdateQuery</Filter>
    </ClCompile>
    <ClCompile Include="Mango\Implementation\Column\Column.cpp">
      <Filter>Mango\Implementation\Column</Filter>
    </ClCompile>
    <ClCompile Include="Mango\Implementation\DataType\DataType.cpp">
      <Filter>Mango\Implementation\DataType</Filter>
    </ClCompile>
    <ClCompile Include="Mango\Implementation\Row\Row.cpp">
      <Filter>Mango\Implementation\Row</Filter>
    </ClCompile>
    <ClCompile Include="Mango\Implementation\Row\RowConfiguration.cpp">
      <Filter>Mango\Implementation\Row</Filter>
    </ClCompile>
    <ClCompile Include="Mango\Implementation\Row\RowFilters.cpp">
      <Filter>Mango\Implementation\Row</Filter>
    </ClCompile>
    <ClCompile Include="Mango\Implementation\Row\RowFilters.fwd.cpp">
      <Filter>Mango\Implementation\Row</Filter>
    </ClCompile>
    <ClCompile Include="Mango\Implementation\Table\ConstTableIterator.cpp">
      <Filter>Mango\Implementation\Table</Filter>
    </ClCompile>
    <ClCompile Include="Mango\Implementation\Table\Table.cpp">
      <Filter>Mango\Implementation\Table</Filter>
    </ClCompile>
    <ClCompile Include="Mango\Implementation\Table\TableIterator.cpp">
      <Filter>Mango\Implementation\Table</Filter>
    </ClCompile>
    <ClCompile Include="Mango\Implementation\Queries\CommandLineAdapter\UpdateQueryCLI\UpdateQueryCLI.cpp">
      <Filter>Mango\Implementation\Queries\CommandLineAdapter\UpdateQueryCLI</Filter>
    </ClCompile>
    <ClCompile Include="Mango\Implementation\Queries\CommandLineAdapter\UpdateQueryCLI\SetClauseData\SetClauseData.cpp">
      <Filter>Mango\Implementation\Queries\CommandLineAdapter\UpdateQueryCLI\ClauseData</Filter>
    </ClCompile>
    <ClCompile Include="Mango\ConsoleColorOutput\ConsoleColorOutput.cpp">
      <Filter>Mango\ConsoleColorOutput</Filter>
    </ClCompile>
    <ClCompile Include="Mango\Implementation\StringUtils\StringUtils.cpp">
      <Filter>Mango\Implementation\StringUtils</Filter>
    </ClCompile>
    <ClCompile Include="Mango\Implementation\Queries\SaveDataQuery\SaveDataQuery.cpp">
      <Filter>Mango\Implementation\Queries\SaveDataQuery</Filter>
    </ClCompile>
    <ClCompile Include="Mango\Implementation\FileIO\Binary\Binary.cpp">
      <Filter>Mango\Implementation\FileIO\Binary</Filter>
    </ClCompile>
    <ClCompile Include="Mango\Implementation\FileIO\CSV\CSV.cpp">
      <Filter>Mango\Implementation\FileIO\CSV</Filter>
    </ClCompile>
    <ClCompile Include="Mango\Implementation\FileIO\CSV\CSV.fwd.cpp">
      <Filter>Mango\Implementation\FileIO\CSV</Filter>
    </ClCompile>
    <ClCompile Include="Mango\Implementation\Queries\ImportDataQuery\ImportDataQuery.cpp">
      <Filter>Mango\Implementation\Queries\ImportDataQuery</Filter>
    </ClCompile>
    <ClCompile Include="Mango\CommandLineInterface\CommandDescriptions\CommandDescriptions.cpp">
      <Filter>Mango\CommandLineInterface\CommandDescriptions</Filter>
    </ClCompile>
    <ClCompile Include="Mango\Implementation\Queries\ExecuteScriptQuery\ExecuteScriptQuery.cpp">
      <Filter>Mango\Implementation\Queries\ExecuteScriptQuery</Filter>
    </ClCompile>
    <ClCompile Include="Mango\Implementation\Queries\ExecuteScriptQuery\ScriptExecutor\ScriptExecutor.cpp">
      <Filter>Mango\Implementation\Queries\ExecuteScriptQuery\ScriptExecutor</Filter>
    </ClCompile>
    <ClCompile Include="Mango\Implementation\Timer\Timer.cpp">
      <Filter>Mango\Implementation\Timer</Filter>
    </ClCompile>
  </ItemGroup>
  <ItemGroup>
    <ClInclude Include="standard_library.hpp">
      <Filter>standard_library</Filter>
    </ClInclude>
    <ClInclude Include="Mango\MangoAPI.hpp">
      <Filter>Mango</Filter>
    </ClInclude>
    <ClInclude Include="Mango\MangoDB\MangoDB.hpp">
      <Filter>Mango\MangoDB</Filter>
    </ClInclude>
    <ClInclude Include="Mango\Exceptions\FeatureNotImplementedException\FeatureNotImplementedException.hpp">
      <Filter>Mango\Exceptions\FeatureNotImplemented</Filter>
    </ClInclude>
    <ClInclude Include="Mango\Exceptions\MangoException\MangoException.hpp">
      <Filter>Mango\Exceptions\MangoException</Filter>
    </ClInclude>
    <ClInclude Include="Mango\Exceptions\MangoExceptionType\MangoExceptionType.hpp">
      <Filter>Mango\Exceptions\MangoExceptionType</Filter>
    </ClInclude>
    <ClInclude Include="Mango\Exceptions\InvalidArgumentException\InvalidArgumentException.hpp">
      <Filter>Mango\Exceptions\InvalidArgument</Filter>
    </ClInclude>
    <ClInclude Include="Mango\Exceptions\InvalidSyntaxException\InvalidSyntaxException.hpp">
      <Filter>Mango\Exceptions\InvalidSyntax</Filter>
    </ClInclude>
    <ClInclude Include="Mango\Exceptions\NanException\NanException.hpp">
      <Filter>Mango\Exceptions\NanException</Filter>
    </ClInclude>
    <ClInclude Include="Mango\Exceptions\TableAlreadyExistsException\TableAlreadyExistsException.hpp">
      <Filter>Mango\Exceptions\TableAlreadyExists</Filter>
    </ClInclude>
    <ClInclude Include="Mango\Exceptions\TableNotFoundException\TableNotFoundException.hpp">
      <Filter>Mango\Exceptions\TableNotFound</Filter>
    </ClInclude>
    <ClInclude Include="Mango\Exceptions\MangoExceptions.hpp">
      <Filter>Mango\Exceptions</Filter>
    </ClInclude>
    <ClInclude Include="Mango\QueryExecutor\QueryExecutor.hpp">
      <Filter>Mango\QueryExecutor</Filter>
    </ClInclude>
    <ClInclude Include="Mango\CommandLineInterface\CommandLineInterface.hpp">
      <Filter>Mango\CommandLineInterface</Filter>
    </ClInclude>
    <ClInclude Include="Mango\MangoDB\MangoDB.fwd.hpp">
      <Filter>Mango\MangoDB</Filter>
    </ClInclude>
    <ClInclude Include="Mango\Implementation\Queries\Queries.fwd.hpp">
      <Filter>Mango\Implementation\Queries</Filter>
    </ClInclude>
    <ClInclude Include="Mango\Implementation\Queries\Queries.hpp">
      <Filter>Mango\Implementation\Queries</Filter>
    </ClInclude>
    <ClInclude Include="Mango\Implementation\Queries\AbstractQuery\AbstractQuery.hpp">
      <Filter>Mango\Implementation\Queries\AbstractQuery</Filter>
    </ClInclude>
    <ClInclude Include="Mango\Implementation\Queries\CommandLineAdapter\DeleteQueryCLI\DeleteQueryCLI.hpp">
      <Filter>Mango\Implementation\Queries\CommandLineAdapter\DeleteQueryCLI</Filter>
    </ClInclude>
    <ClInclude Include="Mango\Implementation\Queries\CommandLineAdapter\SelectQueryCLI\SelectQueryCLI.hpp">
      <Filter>Mango\Implementation\Queries\CommandLineAdapter\SelectQueryCLI</Filter>
    </ClInclude>
    <ClInclude Include="Mango\Implementation\Queries\CommandLineAdapter\WhereCondition\WhereCondition.hpp">
      <Filter>Mango\Implementation\Queries\CommandLineAdapter\WhereCondition</Filter>
    </ClInclude>
    <ClInclude Include="Mango\Implementation\Queries\CreateTableQuery\CreateTableQuery.hpp">
      <Filter>Mango\Implementation\Queries\CreateTableQuery</Filter>
    </ClInclude>
    <ClInclude Include="Mango\Implementation\Queries\DeleteQuery\DeleteQuery.hpp">
      <Filter>Mango\Implementation\Queries\DeleteQuery</Filter>
    </ClInclude>
    <ClInclude Include="Mango\Implementation\Queries\DisplayQuery\DisplayQuery.hpp">
      <Filter>Mango\Implementation\Queries\DisplayQuery</Filter>
    </ClInclude>
    <ClInclude Include="Mango\Implementation\Queries\DropTableQuery\DropTableQuery.hpp">
      <Filter>Mango\Implementation\Queries\DropTableQuery</Filter>
    </ClInclude>
    <ClInclude Include="Mango\Implementation\Queries\InsertIntoQuery\InsertIntoQuery.hpp">
      <Filter>Mango\Implementation\Queries\InsertIntoQuery</Filter>
    </ClInclude>
    <ClInclude Include="Mango\Implementation\Queries\SelectQuery\SelectQuery.hpp">
      <Filter>Mango\Implementation\Queries\SelectQuery</Filter>
    </ClInclude>
    <ClInclude Include="Mango\Implementation\Queries\Statement\Statement.hpp">
      <Filter>Mango\Implementation\Queries\Statement</Filter>
    </ClInclude>
    <ClInclude Include="Mango\Implementation\Queries\TruncateTableQuery\TruncateTableQuery.hpp">
      <Filter>Mango\Implementation\Queries\TruncateTableQuery</Filter>
    </ClInclude>
    <ClInclude Include="Mango\Implementation\Queries\UpdateQuery\UpdateQuery.hpp">
      <Filter>Mango\Implementation\Queries\UpdateQuery</Filter>
    </ClInclude>
    <ClInclude Include="Mango\Implementation\Column\Column.hpp">
      <Filter>Mango\Implementation\Column</Filter>
    </ClInclude>
    <ClInclude Include="Mango\Implementation\DataType\DataType.hpp">
      <Filter>Mango\Implementation\DataType</Filter>
    </ClInclude>
    <ClInclude Include="Mango\Implementation\Row\Row.fwd.hpp">
      <Filter>Mango\Implementation\Row</Filter>
    </ClInclude>
    <ClInclude Include="Mango\Implementation\Row\Row.hpp">
      <Filter>Mango\Implementation\Row</Filter>
    </ClInclude>
    <ClInclude Include="Mango\Implementation\Row\RowConfiguration.hpp">
      <Filter>Mango\Implementation\Row</Filter>
    </ClInclude>
    <ClInclude Include="Mango\Implementation\Row\RowFilters.fwd.hpp">
      <Filter>Mango\Implementation\Row</Filter>
    </ClInclude>
    <ClInclude Include="Mango\Implementation\Row\RowFilters.hpp">
      <Filter>Mango\Implementation\Row</Filter>
    </ClInclude>
    <ClInclude Include="Mango\Implementation\Table\ConstTableIterator.hpp">
      <Filter>Mango\Implementation\Table</Filter>
    </ClInclude>
    <ClInclude Include="Mango\Implementation\Table\Table.fwd.hpp">
      <Filter>Mango\Implementation\Table</Filter>
    </ClInclude>
    <ClInclude Include="Mango\Implementation\Table\Table.hpp">
      <Filter>Mango\Implementation\Table</Filter>
    </ClInclude>
    <ClInclude Include="Mango\Implementation\Table\TableIterator.hpp">
      <Filter>Mango\Implementation\Table</Filter>
    </ClInclude>
    <ClInclude Include="Mango\MangoAPI.fwd.hpp">
      <Filter>Mango</Filter>
    </ClInclude>
    <ClInclude Include="Mango\Implementation\Queries\CommandLineAdapter\UpdateQueryCLI\UpdateQueryCLI.hpp">
      <Filter>Mango\Implementation\Queries\CommandLineAdapter\UpdateQueryCLI</Filter>
    </ClInclude>
    <ClInclude Include="Mango\ConsoleColorOutput\ConsoleColorOutput.hpp">
      <Filter>Mango\ConsoleColorOutput</Filter>
    </ClInclude>
    <ClInclude Include="Mango\Implementation\StringUtils\StringUtils.hpp">
      <Filter>Mango\Implementation\StringUtils</Filter>
    </ClInclude>
    <ClInclude Include="Mango\Implementation\Queries\CommandLineAdapter\UpdateQueryCLI\SetClauseData\SetClauseData.hpp">
      <Filter>Mango\Implementation\Queries\CommandLineAdapter\UpdateQueryCLI\ClauseData</Filter>
    </ClInclude>
    <ClInclude Include="Mango\Implementation\Queries\SaveDataQuery\SaveDataQuery.hpp">
      <Filter>Mango\Implementation\Queries\SaveDataQuery</Filter>
    </ClInclude>
    <ClInclude Include="Mango\Implementation\FileIO\Binary\Binary.hpp">
      <Filter>Mango\Implementation\FileIO\Binary</Filter>
    </ClInclude>
    <ClInclude Include="Mango\Implementation\FileIO\CSV\CSV.fwd.hpp">
      <Filter>Mango\Implementation\FileIO\CSV</Filter>
    </ClInclude>
    <ClInclude Include="Mango\Implementation\FileIO\CSV\CSV.hpp">
      <Filter>Mango\Implementation\FileIO\CSV</Filter>
    </ClInclude>
    <ClInclude Include="Mango\Implementation\Queries\ImportDataQuery\ImportDataQuery.hpp">
      <Filter>Mango\Implementation\Queries\ImportDataQuery</Filter>
    </ClInclude>
    <ClInclude Include="Mango\CommandLineInterface\CommandDescriptions\CommandDescriptions.hpp">
      <Filter>Mango\CommandLineInterface\CommandDescriptions</Filter>
    </ClInclude>
    <ClInclude Include="Mango\Implementation\Queries\ExecuteScriptQuery\ExecuteScriptQuery.hpp">
      <Filter>Mango\Implementation\Queries\ExecuteScriptQuery</Filter>
    </ClInclude>
    <ClInclude Include="Mango\Implementation\Queries\ExecuteScriptQuery\ScriptExecutor\ScriptExecutor.hpp">
      <Filter>Mango\Implementation\Queries\ExecuteScriptQuery\ScriptExecutor</Filter>
    </ClInclude>
    <ClInclude Include="Mango\Implementation\Timer\Timer.hpp">
      <Filter>Mango\Implementation\Timer</Filter>
    </ClInclude>
  </ItemGroup>
  <ItemGroup>
    <None Include="cpp.hint" />
  </ItemGroup>
</Project>